{
  "nodes": {
    "bitcoin-dnsseed": {
      "inputs": {
        "dnsseedrs": [
          "dnsseedrs"
        ],
        "nixpkgs": [
          "nixpkgs"
        ]
      },
      "locked": {
        "lastModified": 1782299956,
        "narHash": "sha256-5EPYKJwwg9CiBhtAye1eAij2HT5OEAX+2dSCBSUm/lU=",
        "ref": "refs/heads/master",
        "rev": "1e27b3d08ef7f33f7bdc36e3f03e2ac866a548a8",
        "revCount": 1,
        "type": "git",
        "url": "file:/home/will/src/nix/modules/bitcoin-dnsseed"
      },
      "original": {
        "type": "git",
        "url": "file:/home/will/src/nix/modules/bitcoin-dnsseed"
      }
    },
    "disko": {
      "inputs": {
        "nixpkgs": [
          "nixpkgs"
        ]
      },
      "locked": {
        "lastModified": 1776613567,
        "narHash": "sha256-gC9Cp5ibBmGD5awCA9z7xy6MW6iJufhazTYJOiGlCUI=",
        "owner": "nix-community",
        "repo": "disko",
        "rev": "32f4236bfc141ae930b5ba2fb604f561fed5219d",
        "type": "github"
      },
      "original": {
        "owner": "nix-community",
        "repo": "disko",
        "type": "github"
      }
    },
    "dnsseedrs": {
      "inputs": {
        "flake-utils": "flake-utils",
        "nixpkgs": [
          "nixpkgs"
        ]
      },
      "locked": {
        "lastModified": 1776628784,
        "narHash": "sha256-lY0pdMN+osnjRkkSySo9XcCuicPjtO1Yz01r2FZ7DDs=",
        "owner": "willcl-ark",
        "repo": "dnsseedrs",
        "rev": "742871e771c0345bd4878358a17da24c1476f291",
        "type": "github"
      },
      "original": {
        "owner": "willcl-ark",
        "repo": "dnsseedrs",
        "type": "github"
      }
    },
    "flake-parts": {
      "inputs": {
        "nixpkgs-lib": "nixpkgs-lib"
      },
      "locked": {
        "lastModified": 1775087534,
        "narHash": "sha256-91qqW8lhL7TLwgQWijoGBbiD4t7/q75KTi8NxjVmSmA=",
        "owner": "hercules-ci",
        "repo": "flake-parts",
        "rev": "3107b77cd68437b9a76194f0f7f9c55f2329ca5b",
        "type": "github"
      },
      "original": {
        "owner": "hercules-ci",
        "repo": "flake-parts",
        "type": "github"
      }
    },
    "flake-utils": {
      "inputs": {
        "systems": "systems"
      },
      "locked": {
        "lastModified": 1731533236,
        "narHash": "sha256-l0KFg5HjrsfsO/JpG+r7fRrqm12kzFHyUHqHCVpMMbI=",
        "owner": "numtide",
        "repo": "flake-utils",
        "rev": "11707dc2f618dd54ca8739b309ec4fc024de578b",
        "type": "github"
      },
      "original": {
        "owner": "numtide",
        "repo": "flake-utils",
        "type": "github"
      }
    },
    "forgejo-src": {
      "flake": false,
      "locked": {
        "lastModified": 1782225327,
        "narHash": "sha256-lXARjh/tk9Ghbots48B4KDKYERDIm10YAwBNRp3qsxI=",
        "owner": "willcl-ark",
        "repo": "forgejo",
        "rev": "5759d096516eb1b92b9b632745b3911f6802cd6c",
        "type": "github"
      },
      "original": {
        "owner": "willcl-ark",
        "ref": "full-mirror",
        "repo": "forgejo",
        "type": "github"
      }
    },
    "guix-substitutes": {
      "inputs": {
        "nixpkgs": [
          "nixpkgs"
        ]
      },
      "locked": {
        "lastModified": 1782299220,
        "narHash": "sha256-75XyRWFt8DseMNZJxkpJmsNQQ0VU+6Be4Q6ATk2YoT8=",
        "ref": "refs/heads/master",
        "rev": "c1aec2947d3385fbf407334c45b38b8958ab4411",
        "revCount": 1,
        "type": "git",
        "url": "file:/home/will/src/nix/modules/bitcoin-core-guix-substitutes"
      },
      "original": {
        "type": "git",
        "url": "file:/home/will/src/nix/modules/bitcoin-core-guix-substitutes"
      }
    },
    "nixpkgs": {
      "locked": {
        "lastModified": 1781808408,
        "narHash": "sha256-0sOb6OIaD/K1zHxBhpmlKvkADfe0n8+l4Jj2e1Q0r3w=",
        "owner": "NixOS",
        "repo": "nixpkgs",
        "rev": "e8210c649915deed7080033cdbabcc19e40bb899",
        "type": "github"
      },
      "original": {
        "owner": "NixOS",
        "ref": "nixos-26.05",
        "repo": "nixpkgs",
        "type": "github"
      }
    },
    "nixpkgs-lib": {
      "locked": {
        "lastModified": 1774748309,
        "narHash": "sha256-+U7gF3qxzwD5TZuANzZPeJTZRHS29OFQgkQ2kiTJBIQ=",
        "owner": "nix-community",
        "repo": "nixpkgs.lib",
        "rev": "333c4e0545a6da976206c74db8773a1645b5870a",
        "type": "github"
      },
      "original": {
        "owner": "nix-community",
        "repo": "nixpkgs.lib",
        "type": "github"
      }
    },
    "radicle-mirror": {
      "inputs": {
        "nixpkgs": [
          "nixpkgs"
        ]
      },
      "locked": {
        "lastModified": 1782299220,
        "narHash": "sha256-IIdaE3TGUNag4BG8uboY2CAU+e/OdBSWCATFsdxW0uA=",
        "ref": "refs/heads/master",
        "rev": "d1faaf2ec5a9ae10b3fd82f32c35639c306e7e03",
        "revCount": 1,
        "type": "git",
        "url": "file:/home/will/src/nix/modules/radicle-mirror"
      },
      "original": {
        "type": "git",
        "url": "file:/home/will/src/nix/modules/radicle-mirror"
      }
    },
    "root": {
      "inputs": {
        "bitcoin-dnsseed": "bitcoin-dnsseed",
        "disko": "disko",
        "dnsseedrs": "dnsseedrs",
        "flake-parts": "flake-parts",
        "forgejo-src": "forgejo-src",
        "guix-substitutes": "guix-substitutes",
        "nixpkgs": "nixpkgs",
        "radicle-mirror": "radicle-mirror",
        "sops-nix": "sops-nix",
        "stuntman": "stuntman"
      }
    },
    "sops-nix": {
      "inputs": {
        "nixpkgs": [
          "nixpkgs"
        ]
      },
      "locked": {
        "lastModified": 1776119890,
        "narHash": "sha256-Zm6bxLNnEOYuS/SzrAGsYuXSwk3cbkRQZY0fJnk8a5M=",
        "owner": "Mic92",
        "repo": "sops-nix",
        "rev": "d4971dd58c6627bfee52a1ad4237637c0a2fb0cd",
        "type": "github"
      },
      "original": {
        "owner": "Mic92",
        "repo": "sops-nix",
        "type": "github"
      }
    },
    "stuntman": {
      "inputs": {
        "nixpkgs": [
          "nixpkgs"
        ]
      },
      "locked": {
        "lastModified": 1782299220,
        "narHash": "sha256-6IfFXgASQZ3IOFL5tuj7fCiy6qijM0tiOx1Ksd/m1so=",
        "ref": "refs/heads/master",
        "rev": "8d4751cea431a6a4a19082f8e9d56bcba81007c1",
        "revCount": 1,
        "type": "git",
        "url": "file:/home/will/src/nix/modules/stuntman"
      },
      "original": {
        "type": "git",
        "url": "file:/home/will/src/nix/modules/stuntman"
      }
    },
    "systems": {
      "locked": {
        "lastModified": 1681028828,
        "narHash": "sha256-Vy1rq5AaRuLzOxct8nz4T6wlgyUR7zLU309k9mBC768=",
        "owner": "nix-systems",
        "repo": "default",
        "rev": "da67096a3b9bf56a91d16901293e51ba5b49a27e",
        "type": "github"
      },
      "original": {
        "owner": "nix-systems",
        "repo": "default",
        "type": "github"
      }
    }
  },
  "root": "root",
  "version": 7
}
